# This file is automatically @generated by Cargo.
# It is not intended for manual editing.
version = 4

[[package]]
name = "parse-pos"
version = "0.1.0"
source = "registry+https://github.com/rust-lang/crates.io-index"
checksum = "26d10f34cb0b9e476ded79c42820067df350fce8d779345b0753500564d98ba5"

[[package]]
name = "vex-lang"
version = "0.1.0"
dependencies = [
 "parse-pos",
]
